
Microsoft Visual Studio Solution File, Format Version 12.00
# Visual Studio Version 17
VisualStudioVersion = 17.5.002.0
MinimumVisualStudioVersion = 10.0.40219.1
Project("{2150E333-8FDC-42A3-9474-1A3956D46DE8}") = "balta.io", "balta.io", "{436753D2-D9CA-4BCB-B8D3-2157668D52E9}"
EndProject
Project("{9A19103F-16F7-4668-BE54-9A1E7A4F7556}") = "Teste", "balta.io\Teste\Teste.csproj", "{79A80F6B-EC3A-4C68-8342-A03A53F52272}"
EndProject
Global
	GlobalSection(SolutionConfigurationPlatforms) = preSolution
		Debug|Any CPU = Debug|Any CPU
		Release|Any CPU = Release|Any CPU
	EndGlobalSection
	GlobalSection(ProjectConfigurationPlatforms) = postSolution
		{79A80F6B-EC3A-4C68-8342-A03A53F52272}.Debug|Any CPU.ActiveCfg = Debug|Any CPU
		{79A80F6B-EC3A-4C68-8342-A03A53F52272}.Debug|Any CPU.Build.0 = Debug|Any CPU
		{79A80F6B-EC3A-4C68-8342-A03A53F52272}.Release|Any CPU.ActiveCfg = Release|Any CPU
		{79A80F6B-EC3A-4C68-8342-A03A53F52272}.Release|Any CPU.Build.0 = Release|Any CPU
	EndGlobalSection
	GlobalSection(SolutionProperties) = preSolution
		HideSolutionNode = FALSE
	EndGlobalSection
	GlobalSection(NestedProjects) = preSolution
		{79A80F6B-EC3A-4C68-8342-A03A53F52272} = {436753D2-D9CA-4BCB-B8D3-2157668D52E9}
	EndGlobalSection
	GlobalSection(ExtensibilityGlobals) = postSolution
		SolutionGuid = {B05ED44E-1986-4BD1-8EC7-24123E2FDDD4}
	EndGlobalSection
EndGlobal
